
Microsoft Visual Studio Solution File, Format Version 12.00
# Visual Studio Version 17
VisualStudioVersion = 17.10.35027.167
MinimumVisualStudioVersion = 10.0.40219.1
Project("{9A19103F-16F7-4668-BE54-9A1E7A4F7556}") = "CallAndResponse", "Source\CallAndResponse\CallAndResponse.csproj", "{F1B9F831-ACCA-496B-AA04-7791A20AF60F}"
EndProject
Project("{9A19103F-16F7-4668-BE54-9A1E7A4F7556}") = "CallAndResponse.Protocol.Modbus", "Source\CallAndResponse.Protocol.Modbus\CallAndResponse.Protocol.Modbus.csproj", "{EED372BF-4F5D-4726-A2FB-6906A5D5280A}"
EndProject
Project("{9A19103F-16F7-4668-BE54-9A1E7A4F7556}") = "CallAndResponse.Transport.Ble", "Source\CallAndResponse.Transport.Ble\CallAndResponse.Transport.Ble.csproj", "{A51F5438-B848-49A8-B8BB-31C46A7554B3}"
EndProject
Project("{9A19103F-16F7-4668-BE54-9A1E7A4F7556}") = "CallAndResponse.Transport.Serial", "Source\CallAndResponse.Transport.Serial\CallAndResponse.Transport.Serial.csproj", "{3390ACE7-E5BD-4C5A-A612-B0B12C29089B}"
EndProject
Project("{2150E333-8FDC-42A3-9474-1A3956D46DE8}") = "Source", "Source", "{53448A5E-8523-4D83-8DED-6607D5310A22}"
EndProject
Project("{2150E333-8FDC-42A3-9474-1A3956D46DE8}") = "Test", "Test", "{6396F098-5004-48AA-8A50-A91A77E4A18E}"
	ProjectSection(SolutionItems) = preProject
		Test\Directory.Build.props = Test\Directory.Build.props
	EndProjectSection
EndProject
Project("{9A19103F-16F7-4668-BE54-9A1E7A4F7556}") = "CallAndResponse.Test.Sandbox", "Test\CallAndResponse.Test.Sandbox\CallAndResponse.Test.Sandbox.csproj", "{56148190-0EC6-4153-B14C-1A459576FACA}"
EndProject
Project("{FAE04EC0-301F-11D3-BF4B-00C04F79EFBC}") = "CallAndResponse.Protocol.Stm32Bootloader", "Source\CallAndResponse.Protocol.Stm32Bootloader\CallAndResponse.Protocol.Stm32Bootloader.csproj", "{B6577915-07D3-4693-AA42-20FB451380E8}"
EndProject
Project("{FAE04EC0-301F-11D3-BF4B-00C04F79EFBC}") = "CallAndResponse.Transport.Treehopper", "Source\CallAndResponse.Transport.Treehopper\CallAndResponse.Transport.Treehopper.csproj", "{62E3AFCE-929B-4CCF-AADB-79D40A297A02}"
EndProject
Global
	GlobalSection(SolutionConfigurationPlatforms) = preSolution
		Debug|Any CPU = Debug|Any CPU
		Release|Any CPU = Release|Any CPU
	EndGlobalSection
	GlobalSection(ProjectConfigurationPlatforms) = postSolution
		{F1B9F831-ACCA-496B-AA04-7791A20AF60F}.Debug|Any CPU.ActiveCfg = Debug|Any CPU
		{F1B9F831-ACCA-496B-AA04-7791A20AF60F}.Debug|Any CPU.Build.0 = Debug|Any CPU
		{F1B9F831-ACCA-496B-AA04-7791A20AF60F}.Release|Any CPU.ActiveCfg = Release|Any CPU
		{F1B9F831-ACCA-496B-AA04-7791A20AF60F}.Release|Any CPU.Build.0 = Release|Any CPU
		{EED372BF-4F5D-4726-A2FB-6906A5D5280A}.Debug|Any CPU.ActiveCfg = Debug|Any CPU
		{EED372BF-4F5D-4726-A2FB-6906A5D5280A}.Debug|Any CPU.Build.0 = Debug|Any CPU
		{EED372BF-4F5D-4726-A2FB-6906A5D5280A}.Release|Any CPU.ActiveCfg = Release|Any CPU
		{EED372BF-4F5D-4726-A2FB-6906A5D5280A}.Release|Any CPU.Build.0 = Release|Any CPU
		{A51F5438-B848-49A8-B8BB-31C46A7554B3}.Debug|Any CPU.ActiveCfg = Debug|Any CPU
		{A51F5438-B848-49A8-B8BB-31C46A7554B3}.Debug|Any CPU.Build.0 = Debug|Any CPU
		{A51F5438-B848-49A8-B8BB-31C46A7554B3}.Release|Any CPU.ActiveCfg = Release|Any CPU
		{A51F5438-B848-49A8-B8BB-31C46A7554B3}.Release|Any CPU.Build.0 = Release|Any CPU
		{3390ACE7-E5BD-4C5A-A612-B0B12C29089B}.Debug|Any CPU.ActiveCfg = Debug|Any CPU
		{3390ACE7-E5BD-4C5A-A612-B0B12C29089B}.Debug|Any CPU.Build.0 = Debug|Any CPU
		{3390ACE7-E5BD-4C5A-A612-B0B12C29089B}.Release|Any CPU.ActiveCfg = Release|Any CPU
		{3390ACE7-E5BD-4C5A-A612-B0B12C29089B}.Release|Any CPU.Build.0 = Release|Any CPU
		{56148190-0EC6-4153-B14C-1A459576FACA}.Debug|Any CPU.ActiveCfg = Debug|Any CPU
		{56148190-0EC6-4153-B14C-1A459576FACA}.Debug|Any CPU.Build.0 = Debug|Any CPU
		{56148190-0EC6-4153-B14C-1A459576FACA}.Release|Any CPU.ActiveCfg = Release|Any CPU
		{56148190-0EC6-4153-B14C-1A459576FACA}.Release|Any CPU.Build.0 = Release|Any CPU
		{B6577915-07D3-4693-AA42-20FB451380E8}.Debug|Any CPU.ActiveCfg = Debug|Any CPU
		{B6577915-07D3-4693-AA42-20FB451380E8}.Debug|Any CPU.Build.0 = Debug|Any CPU
		{B6577915-07D3-4693-AA42-20FB451380E8}.Release|Any CPU.ActiveCfg = Release|Any CPU
		{B6577915-07D3-4693-AA42-20FB451380E8}.Release|Any CPU.Build.0 = Release|Any CPU
		{62E3AFCE-929B-4CCF-AADB-79D40A297A02}.Debug|Any CPU.ActiveCfg = Debug|Any CPU
		{62E3AFCE-929B-4CCF-AADB-79D40A297A02}.Debug|Any CPU.Build.0 = Debug|Any CPU
		{62E3AFCE-929B-4CCF-AADB-79D40A297A02}.Release|Any CPU.ActiveCfg = Release|Any CPU
		{62E3AFCE-929B-4CCF-AADB-79D40A297A02}.Release|Any CPU.Build.0 = Release|Any CPU
	EndGlobalSection
	GlobalSection(SolutionProperties) = preSolution
		HideSolutionNode = FALSE
	EndGlobalSection
	GlobalSection(NestedProjects) = preSolution
		{F1B9F831-ACCA-496B-AA04-7791A20AF60F} = {53448A5E-8523-4D83-8DED-6607D5310A22}
		{EED372BF-4F5D-4726-A2FB-6906A5D5280A} = {53448A5E-8523-4D83-8DED-6607D5310A22}
		{A51F5438-B848-49A8-B8BB-31C46A7554B3} = {53448A5E-8523-4D83-8DED-6607D5310A22}
		{3390ACE7-E5BD-4C5A-A612-B0B12C29089B} = {53448A5E-8523-4D83-8DED-6607D5310A22}
		{56148190-0EC6-4153-B14C-1A459576FACA} = {6396F098-5004-48AA-8A50-A91A77E4A18E}
		{B6577915-07D3-4693-AA42-20FB451380E8} = {53448A5E-8523-4D83-8DED-6607D5310A22}
		{62E3AFCE-929B-4CCF-AADB-79D40A297A02} = {53448A5E-8523-4D83-8DED-6607D5310A22}
	EndGlobalSection
	GlobalSection(ExtensibilityGlobals) = postSolution
		SolutionGuid = {C6BE4E4E-EF99-4F32-936E-50655B32F671}
	EndGlobalSection
EndGlobal
